// !$*UTF8*$!
{
	archiveVersion = 1;
	classes = {
	};
	objectVersion = 46;
	objects = {

/* Begin PBXBuildFile section */
		5253562C1EBE162B00A87E6C /* AppDelegate.swift in Sources */ = {isa = PBXBuildFile; fileRef = 5253562B1EBE162B00A87E6C /* AppDelegate.swift */; };
		5253562E1EBE162B00A87E6C /* ViewController.swift in Sources */ = {isa = PBXBuildFile; fileRef = 5253562D1EBE162B00A87E6C /* ViewController.swift */; };
		525356311EBE162B00A87E6C /* Main.storyboard in Resources */ = {isa = PBXBuildFile; fileRef = 5253562F1EBE162B00A87E6C /* Main.storyboard */; };
		525356331EBE162B00A87E6C /* Assets.xcassets in Resources */ = {isa = PBXBuildFile; fileRef = 525356321EBE162B00A87E6C /* Assets.xcassets */; };
		525356361EBE162B00A87E6C /* LaunchScreen.storyboard in Resources */ = {isa = PBXBuildFile; fileRef = 525356341EBE162B00A87E6C /* LaunchScreen.storyboard */; };
		525356411EBE167700A87E6C /* CommonConfig.xcconfig in Resources */ = {isa = PBXBuildFile; fileRef = 5253563D1EBE167700A87E6C /* CommonConfig.xcconfig */; };
		525356421EBE167700A87E6C /* DebugConfig.xcconfig in Resources */ = {isa = PBXBuildFile; fileRef = 5253563E1EBE167700A87E6C /* DebugConfig.xcconfig */; };
		525356431EBE167700A87E6C /* ReleaseConfig.xcconfig in Resources */ = {isa = PBXBuildFile; fileRef = 5253563F1EBE167700A87E6C /* ReleaseConfig.xcconfig */; };
		525356441EBE167700A87E6C /* ReleaseTestConfig.xcconfig in Resources */ = {isa = PBXBuildFile; fileRef = 525356401EBE167700A87E6C /* ReleaseTestConfig.xcconfig */; };
		525356461EBE16A400A87E6C /* AppConfig.swift in Sources */ = {isa = PBXBuildFile; fileRef = 525356451EBE16A400A87E6C /* AppConfig.swift */; };
		5CD267693326A5516C0DAADB /* Pods_XCConfigDemo.framework in Frameworks */ = {isa = PBXBuildFile; fileRef = 10A0B26F75FEEF22437EEE22 /* Pods_XCConfigDemo.framework */; };
/* End PBXBuildFile section */

/* Begin PBXFileReference section */
		10A0B26F75FEEF22437EEE22 /* Pods_XCConfigDemo.framework */ = {isa = PBXFileReference; explicitFileType = wrapper.framework; includeInIndex = 0; path = Pods_XCConfigDemo.framework; sourceTree = BUILT_PRODUCTS_DIR; };
		24ECE6E0F015BB1A493F1524 /* Pods-XCConfigDemo.releasetest.xcconfig */ = {isa = PBXFileReference; includeInIndex = 1; lastKnownFileType = text.xcconfig; name = "Pods-XCConfigDemo.releasetest.xcconfig"; path = "Pods/Target Support Files/Pods-XCConfigDemo/Pods-XCConfigDemo.releasetest.xcconfig"; sourceTree = "<group>"; };
		525356281EBE162B00A87E6C /* XCConfigDemo.app */ = {isa = PBXFileReference; explicitFileType = wrapper.application; includeInIndex = 0; path = XCConfigDemo.app; sourceTree = BUILT_PRODUCTS_DIR; };
		5253562B1EBE162B00A87E6C /* AppDelegate.swift */ = {isa = PBXFileReference; lastKnownFileType = sourcecode.swift; path = AppDelegate.swift; sourceTree = "<group>"; };
		5253562D1EBE162B00A87E6C /* ViewController.swift */ = {isa = PBXFileReference; lastKnownFileType = sourcecode.swift; path = ViewController.swift; sourceTree = "<group>"; };
		525356301EBE162B00A87E6C /* Base */ = {isa = PBXFileReference; lastKnownFileType = file.storyboard; name = Base; path = Base.lproj/Main.storyboard; sourceTree = "<group>"; };
		525356321EBE162B00A87E6C /* Assets.xcassets */ = {isa = PBXFileReference; lastKnownFileType = folder.assetcatalog; path = Assets.xcassets; sourceTree = "<group>"; };
		525356351EBE162B00A87E6C /* Base */ = {isa = PBXFileReference; lastKnownFileType = file.storyboard; name = Base; path = Base.lproj/LaunchScreen.storyboard; sourceTree = "<group>"; };
		525356371EBE162B00A87E6C /* Info.plist */ = {isa = PBXFileReference; lastKnownFileType = text.plist.xml; path = Info.plist; sourceTree = "<group>"; };
		5253563D1EBE167700A87E6C /* CommonConfig.xcconfig */ = {isa = PBXFileReference; fileEncoding = 4; lastKnownFileType = text.xcconfig; path = CommonConfig.xcconfig; sourceTree = "<group>"; };
		5253563E1EBE167700A87E6C /* DebugConfig.xcconfig */ = {isa = PBXFileReference; fileEncoding = 4; lastKnownFileType = text.xcconfig; path = DebugConfig.xcconfig; sourceTree = "<group>"; };
		5253563F1EBE167700A87E6C /* ReleaseConfig.xcconfig */ = {isa = PBXFileReference; fileEncoding = 4; lastKnownFileType = text.xcconfig; path = ReleaseConfig.xcconfig; sourceTree = "<group>"; };
		525356401EBE167700A87E6C /* ReleaseTestConfig.xcconfig */ = {isa = PBXFileReference; fileEncoding = 4; lastKnownFileType = text.xcconfig; path = ReleaseTestConfig.xcconfig; sourceTree = "<group>"; };
		525356451EBE16A400A87E6C /* AppConfig.swift */ = {isa = PBXFileReference; fileEncoding = 4; lastKnownFileType = sourcecode.swift; path = AppConfig.swift; sourceTree = "<group>"; };
		574298ECBE1A8F5D9305A652 /* Pods-XCConfigDemo.debug.xcconfig */ = {isa = PBXFileReference; includeInIndex = 1; lastKnownFileType = text.xcconfig; name = "Pods-XCConfigDemo.debug.xcconfig"; path = "Pods/Target Support Files/Pods-XCConfigDemo/Pods-XCConfigDemo.debug.xcconfig"; sourceTree = "<group>"; };
		D02F1ED0C681726E96347B20 /* Pods-XCConfigDemo.release.xcconfig */ = {isa = PBXFileReference; includeInIndex = 1; lastKnownFileType = text.xcconfig; name = "Pods-XCConfigDemo.release.xcconfig"; path = "Pods/Target Support Files/Pods-XCConfigDemo/Pods-XCConfigDemo.release.xcconfig"; sourceTree = "<group>"; };
/* End PBXFileReference section */

/* Begin PBXFrameworksBuildPhase section */
		525356251EBE162B00A87E6C /* Frameworks */ = {
			isa = PBXFrameworksBuildPhase;
			buildActionMask = 2147483647;
			files = (
				5CD267693326A5516C0DAADB /* Pods_XCConfigDemo.framework in Frameworks */,
			);
			runOnlyForDeploymentPostprocessing = 0;
		};
/* End PBXFrameworksBuildPhase section */

/* Begin PBXGroup section */
		052D23C73431BBFBBA2842E5 /* Frameworks */ = {
			isa = PBXGroup;
			children = (
				10A0B26F75FEEF22437EEE22 /* Pods_XCConfigDemo.framework */,
			);
			name = Frameworks;
			sourceTree = "<group>";
		};
		5253561F1EBE162B00A87E6C = {
			isa = PBXGroup;
			children = (
				5253562A1EBE162B00A87E6C /* XCConfigDemo */,
				525356291EBE162B00A87E6C /* Products */,
				F80FD6F832D0AC17816A7432 /* Pods */,
				052D23C73431BBFBBA2842E5 /* Frameworks */,
			);
			sourceTree = "<group>";
		};
		525356291EBE162B00A87E6C /* Products */ = {
			isa = PBXGroup;
			children = (
				525356281EBE162B00A87E6C /* XCConfigDemo.app */,
			);
			name = Products;
			sourceTree = "<group>";
		};
		5253562A1EBE162B00A87E6C /* XCConfigDemo */ = {
			isa = PBXGroup;
			children = (
				5253563D1EBE167700A87E6C /* CommonConfig.xcconfig */,
				5253563E1EBE167700A87E6C /* DebugConfig.xcconfig */,
				5253563F1EBE167700A87E6C /* ReleaseConfig.xcconfig */,
				525356401EBE167700A87E6C /* ReleaseTestConfig.xcconfig */,
				5253562B1EBE162B00A87E6C /* AppDelegate.swift */,
				5253562D1EBE162B00A87E6C /* ViewController.swift */,
				525356451EBE16A400A87E6C /* AppConfig.swift */,
				5253562F1EBE162B00A87E6C /* Main.storyboard */,
				525356321EBE162B00A87E6C /* Assets.xcassets */,
				525356341EBE162B00A87E6C /* LaunchScreen.storyboard */,
				525356371EBE162B00A87E6C /* Info.plist */,
			);
			path = XCConfigDemo;
			sourceTree = "<group>";
		};
		F80FD6F832D0AC17816A7432 /* Pods */ = {
			isa = PBXGroup;
			children = (
				574298ECBE1A8F5D9305A652 /* Pods-XCConfigDemo.debug.xcconfig */,
				D02F1ED0C681726E96347B20 /* Pods-XCConfigDemo.release.xcconfig */,
				24ECE6E0F015BB1A493F1524 /* Pods-XCConfigDemo.releasetest.xcconfig */,
			);
			name = Pods;
			sourceTree = "<group>";
		};
/* End PBXGroup section */

/* Begin PBXNativeTarget section */
		525356271EBE162B00A87E6C /* XCConfigDemo */ = {
			isa = PBXNativeTarget;
			buildConfigurationList = 5253563A1EBE162B00A87E6C /* Build configuration list for PBXNativeTarget "XCConfigDemo" */;
			buildPhases = (
				9E59FD7C142DCF2256E5EB00 /* [CP] Check Pods Manifest.lock */,
				525356241EBE162B00A87E6C /* Sources */,
				525356251EBE162B00A87E6C /* Frameworks */,
				525356261EBE162B00A87E6C /* Resources */,
				4C8D19565E5842C0C9099B2F /* [CP] Embed Pods Frameworks */,
				C6CD0836F995EB580C98D868 /* [CP] Copy Pods Resources */,
			);
			buildRules = (
			);
			dependencies = (
			);
			name = XCConfigDemo;
			productName = XCConfigDemo;
			productReference = 525356281EBE162B00A87E6C /* XCConfigDemo.app */;
			productType = "com.apple.product-type.application";
		};
/* End PBXNativeTarget section */

/* Begin PBXProject section */
		525356201EBE162B00A87E6C /* Project object */ = {
			isa = PBXProject;
			attributes = {
				LastSwiftUpdateCheck = 0830;
				LastUpgradeCheck = 0830;
				ORGANIZATIONNAME = Aqua;
				TargetAttributes = {
					525356271EBE162B00A87E6C = {
						CreatedOnToolsVersion = 8.3.2;
						DevelopmentTeam = SXRTDM2GE2;
						ProvisioningStyle = Automatic;
					};
				};
			};
			buildConfigurationList = 525356231EBE162B00A87E6C /* Build configuration list for PBXProject "XCConfigDemo" */;
			compatibilityVersion = "Xcode 3.2";
			developmentRegion = English;
			hasScannedForEncodings = 0;
			knownRegions = (
				en,
				Base,
			);
			mainGroup = 5253561F1EBE162B00A87E6C;
			productRefGroup = 525356291EBE162B00A87E6C /* Products */;
			projectDirPath = "";
			projectRoot = "";
			targets = (
				525356271EBE162B00A87E6C /* XCConfigDemo */,
			);
		};
/* End PBXProject section */

/* Begin PBXResourcesBuildPhase section */
		525356261EBE162B00A87E6C /* Resources */ = {
			isa = PBXResourcesBuildPhase;
			buildActionMask = 2147483647;
			files = (
				525356361EBE162B00A87E6C /* LaunchScreen.storyboard in Resources */,
				525356331EBE162B00A87E6C /* Assets.xcassets in Resources */,
				525356441EBE167700A87E6C /* ReleaseTestConfig.xcconfig in Resources */,
				525356311EBE162B00A87E6C /* Main.storyboard in Resources */,
				525356411EBE167700A87E6C /* CommonConfig.xcconfig in Resources */,
				525356431EBE167700A87E6C /* ReleaseConfig.xcconfig in Resources */,
				525356421EBE167700A87E6C /* DebugConfig.xcconfig in Resources */,
			);
			runOnlyForDeploymentPostprocessing = 0;
		};
/* End PBXResourcesBuildPhase section */

/* Begin PBXShellScriptBuildPhase section */
		4C8D19565E5842C0C9099B2F /* [CP] Embed Pods Frameworks */ = {
			isa = PBXShellScriptBuildPhase;
			buildActionMask = 2147483647;
			files = (
			);
			inputPaths = (
			);
			name = "[CP] Embed Pods Frameworks";
			outputPaths = (
			);
			runOnlyForDeploymentPostprocessing = 0;
			shellPath = /bin/sh;
			shellScript = "\"${SRCROOT}/Pods/Target Support Files/Pods-XCConfigDemo/Pods-XCConfigDemo-frameworks.sh\"\n";
			showEnvVarsInLog = 0;
		};
		9E59FD7C142DCF2256E5EB00 /* [CP] Check Pods Manifest.lock */ = {
			isa = PBXShellScriptBuildPhase;
			buildActionMask = 2147483647;
			files = (
			);
			inputPaths = (
			);
			name = "[CP] Check Pods Manifest.lock";
			outputPaths = (
			);
			runOnlyForDeploymentPostprocessing = 0;
			shellPath = /bin/sh;
			shellScript = "diff \"${PODS_ROOT}/../Podfile.lock\" \"${PODS_ROOT}/Manifest.lock\" > /dev/null\nif [ $? != 0 ] ; then\n    # print error to STDERR\n    echo \"error: The sandbox is not in sync with the Podfile.lock. Run 'pod install' or update your CocoaPods installation.\" >&2\n    exit 1\nfi\n";
			showEnvVarsInLog = 0;
		};
		C6CD0836F995EB580C98D868 /* [CP] Copy Pods Resources */ = {
			isa = PBXShellScriptBuildPhase;
			buildActionMask = 2147483647;
			files = (
			);
			inputPaths = (
			);
			name = "[CP] Copy Pods Resources";
			outputPaths = (
			);
			runOnlyForDeploymentPostprocessing = 0;
			shellPath = /bin/sh;
			shellScript = "\"${SRCROOT}/Pods/Target Support Files/Pods-XCConfigDemo/Pods-XCConfigDemo-resources.sh\"\n";
			showEnvVarsInLog = 0;
		};
/* End PBXShellScriptBuildPhase section */

/* Begin PBXSourcesBuildPhase section */
		525356241EBE162B00A87E6C /* Sources */ = {
			isa = PBXSourcesBuildPhase;
			buildActionMask = 2147483647;
			files = (
				525356461EBE16A400A87E6C /* AppConfig.swift in Sources */,
				5253562E1EBE162B00A87E6C /* ViewController.swift in Sources */,
				5253562C1EBE162B00A87E6C /* AppDelegate.swift in Sources */,
			);
			runOnlyForDeploymentPostprocessing = 0;
		};
/* End PBXSourcesBuildPhase section */

/* Begin PBXVariantGroup section */
		5253562F1EBE162B00A87E6C /* Main.storyboard */ = {
			isa = PBXVariantGroup;
			children = (
				525356301EBE162B00A87E6C /* Base */,
			);
			name = Main.storyboard;
			sourceTree = "<group>";
		};
		525356341EBE162B00A87E6C /* LaunchScreen.storyboard */ = {
			isa = PBXVariantGroup;
			children = (
				525356351EBE162B00A87E6C /* Base */,
			);
			name = LaunchScreen.storyboard;
			sourceTree = "<group>";
		};
/* End PBXVariantGroup section */

/* Begin XCBuildConfiguration section */
		525356381EBE162B00A87E6C /* Debug */ = {
			isa = XCBuildConfiguration;
			buildSettings = {
				ALWAYS_SEARCH_USER_PATHS = NO;
				CLANG_ANALYZER_NONNULL = YES;
				CLANG_ANALYZER_NUMBER_OBJECT_CONVERSION = YES_AGGRESSIVE;
				CLANG_CXX_LANGUAGE_STANDARD = "gnu++0x";
				CLANG_CXX_LIBRARY = "libc++";
				CLANG_ENABLE_MODULES = YES;
				CLANG_ENABLE_OBJC_ARC = YES;
				CLANG_WARN_BOOL_CONVERSION = YES;
				CLANG_WARN_CONSTANT_CONVERSION = YES;
				CLANG_WARN_DIRECT_OBJC_ISA_USAGE = YES_ERROR;
				CLANG_WARN_DOCUMENTATION_COMMENTS = YES;
				CLANG_WARN_EMPTY_BODY = YES;
				CLANG_WARN_ENUM_CONVERSION = YES;
				CLANG_WARN_INFINITE_RECURSION = YES;
				CLANG_WARN_INT_CONVERSION = YES;
				CLANG_WARN_OBJC_ROOT_CLASS = YES_ERROR;
				CLANG_WARN_SUSPICIOUS_MOVE = YES;
				CLANG_WARN_UNREACHABLE_CODE = YES;
				CLANG_WARN__DUPLICATE_METHOD_MATCH = YES;
				"CODE_SIGN_IDENTITY[sdk=iphoneos*]" = "iPhone Developer";
				COPY_PHASE_STRIP = NO;
				DEBUG_INFORMATION_FORMAT = dwarf;
				ENABLE_STRICT_OBJC_MSGSEND = YES;
				ENABLE_TESTABILITY = YES;
				GCC_C_LANGUAGE_STANDARD = gnu99;
				GCC_DYNAMIC_NO_PIC = NO;
				GCC_NO_COMMON_BLOCKS = YES;
				GCC_OPTIMIZATION_LEVEL = 0;
				GCC_PREPROCESSOR_DEFINITIONS = "${CONFIG_FLAG}=1";
				GCC_WARN_64_TO_32_BIT_CONVERSION = YES;
				GCC_WARN_ABOUT_RETURN_TYPE = YES_ERROR;
				GCC_WARN_UNDECLARED_SELECTOR = YES;
				GCC_WARN_UNINITIALIZED_AUTOS = YES_AGGRESSIVE;
				GCC_WARN_UNUSED_FUNCTION = YES;
				GCC_WARN_UNUSED_VARIABLE = YES;
				IPHONEOS_DEPLOYMENT_TARGET = 10.3;
				MTL_ENABLE_DEBUG_INFO = YES;
				ONLY_ACTIVE_ARCH = YES;
				SDKROOT = iphoneos;
				SWIFT_ACTIVE_COMPILATION_CONDITIONS = "${CONFIG_FLAG}";
				SWIFT_OPTIMIZATION_LEVEL = "-Onone";
			};
			name = Debug;
		};
		525356391EBE162B00A87E6C /* Release */ = {
			isa = XCBuildConfiguration;
			buildSettings = {
				ALWAYS_SEARCH_USER_PATHS = NO;
				CLANG_ANALYZER_NONNULL = YES;
				CLANG_ANALYZER_NUMBER_OBJECT_CONVERSION = YES_AGGRESSIVE;
				CLANG_CXX_LANGUAGE_STANDARD = "gnu++0x";
				CLANG_CXX_LIBRARY = "libc++";
				CLANG_ENABLE_MODULES = YES;
				CLANG_ENABLE_OBJC_ARC = YES;
				CLANG_WARN_BOOL_CONVERSION = YES;
				CLANG_WARN_CONSTANT_CONVERSION = YES;
				CLANG_WARN_DIRECT_OBJC_ISA_USAGE = YES_ERROR;
				CLANG_WARN_DOCUMENTATION_COMMENTS = YES;
				CLANG_WARN_EMPTY_BODY = YES;
				CLANG_WARN_ENUM_CONVERSION = YES;
				CLANG_WARN_INFINITE_RECURSION = YES;
				CLANG_WARN_INT_CONVERSION = YES;
				CLANG_WARN_OBJC_ROOT_CLASS = YES_ERROR;
				CLANG_WARN_SUSPICIOUS_MOVE = YES;
				CLANG_WARN_UNREACHABLE_CODE = YES;
				CLANG_WARN__DUPLICATE_METHOD_MATCH = YES;
				"CODE_SIGN_IDENTITY[sdk=iphoneos*]" = "iPhone Developer";
				COPY_PHASE_STRIP = NO;
				DEBUG_INFORMATION_FORMAT = "dwarf-with-dsym";
				ENABLE_NS_ASSERTIONS = NO;
				ENABLE_STRICT_OBJC_MSGSEND = YES;
				GCC_C_LANGUAGE_STANDARD = gnu99;
				GCC_NO_COMMON_BLOCKS = YES;
				GCC_PREPROCESSOR_DEFINITIONS = "${CONFIG_FLAG}=1";
				GCC_WARN_64_TO_32_BIT_CONVERSION = YES;
				GCC_WARN_ABOUT_RETURN_TYPE = YES_ERROR;
				GCC_WARN_UNDECLARED_SELECTOR = YES;
				GCC_WARN_UNINITIALIZED_AUTOS = YES_AGGRESSIVE;
				GCC_WARN_UNUSED_FUNCTION = YES;
				GCC_WARN_UNUSED_VARIABLE = YES;
				IPHONEOS_DEPLOYMENT_TARGET = 10.3;
				MTL_ENABLE_DEBUG_INFO = NO;
				SDKROOT = iphoneos;
				SWIFT_ACTIVE_COMPILATION_CONDITIONS = "${CONFIG_FLAG}";
				SWIFT_OPTIMIZATION_LEVEL = "-Owholemodule";
				VALIDATE_PRODUCT = YES;
			};
			name = Release;
		};
		5253563B1EBE162B00A87E6C /* Debug */ = {
			isa = XCBuildConfiguration;
			baseConfigurationReference = 5253563E1EBE167700A87E6C /* DebugConfig.xcconfig */;
			buildSettings = {
				ASSETCATALOG_COMPILER_APPICON_NAME = AppIcon;
				DEVELOPMENT_TEAM = SXRTDM2GE2;
				INFOPLIST_FILE = XCConfigDemo/Info.plist;
				LD_RUNPATH_SEARCH_PATHS = "$(inherited) @executable_path/Frameworks";
				PRODUCT_BUNDLE_IDENTIFIER = MangoMade.XCConfigDemo;
				PRODUCT_NAME = "$(TARGET_NAME)";
				SWIFT_VERSION = 3.0;
			};
			name = Debug;
		};
		5253563C1EBE162B00A87E6C /* Release */ = {
			isa = XCBuildConfiguration;
			baseConfigurationReference = 5253563F1EBE167700A87E6C /* ReleaseConfig.xcconfig */;
			buildSettings = {
				ASSETCATALOG_COMPILER_APPICON_NAME = AppIcon;
				DEVELOPMENT_TEAM = SXRTDM2GE2;
				INFOPLIST_FILE = XCConfigDemo/Info.plist;
				LD_RUNPATH_SEARCH_PATHS = "$(inherited) @executable_path/Frameworks";
				PRODUCT_BUNDLE_IDENTIFIER = MangoMade.XCConfigDemo;
				PRODUCT_NAME = "$(TARGET_NAME)";
				SWIFT_VERSION = 3.0;
			};
			name = Release;
		};
		525356471EBE16FD00A87E6C /* ReleaseTest */ = {
			isa = XCBuildConfiguration;
			buildSettings = {
				ALWAYS_SEARCH_USER_PATHS = NO;
				CLANG_ANALYZER_NONNULL = YES;
				CLANG_ANALYZER_NUMBER_OBJECT_CONVERSION = YES_AGGRESSIVE;
				CLANG_CXX_LANGUAGE_STANDARD = "gnu++0x";
				CLANG_CXX_LIBRARY = "libc++";
				CLANG_ENABLE_MODULES = YES;
				CLANG_ENABLE_OBJC_ARC = YES;
				CLANG_WARN_BOOL_CONVERSION = YES;
				CLANG_WARN_CONSTANT_CONVERSION = YES;
				CLANG_WARN_DIRECT_OBJC_ISA_USAGE = YES_ERROR;
				CLANG_WARN_DOCUMENTATION_COMMENTS = YES;
				CLANG_WARN_EMPTY_BODY = YES;
				CLANG_WARN_ENUM_CONVERSION = YES;
				CLANG_WARN_INFINITE_RECURSION = YES;
				CLANG_WARN_INT_CONVERSION = YES;
				CLANG_WARN_OBJC_ROOT_CLASS = YES_ERROR;
				CLANG_WARN_SUSPICIOUS_MOVE = YES;
				CLANG_WARN_UNREACHABLE_CODE = YES;
				CLANG_WARN__DUPLICATE_METHOD_MATCH = YES;
				"CODE_SIGN_IDENTITY[sdk=iphoneos*]" = "iPhone Developer";
				COPY_PHASE_STRIP = NO;
				DEBUG_INFORMATION_FORMAT = dwarf;
				ENABLE_STRICT_OBJC_MSGSEND = YES;
				ENABLE_TESTABILITY = YES;
				GCC_C_LANGUAGE_STANDARD = gnu99;
				GCC_DYNAMIC_NO_PIC = NO;
				GCC_NO_COMMON_BLOCKS = YES;
				GCC_OPTIMIZATION_LEVEL = 0;
				GCC_PREPROCESSOR_DEFINITIONS = "${CONFIG_FLAG}=1";
				GCC_WARN_64_TO_32_BIT_CONVERSION = YES;
				GCC_WARN_ABOUT_RETURN_TYPE = YES_ERROR;
				GCC_WARN_UNDECLARED_SELECTOR = YES;
				GCC_WARN_UNINITIALIZED_AUTOS = YES_AGGRESSIVE;
				GCC_WARN_UNUSED_FUNCTION = YES;
				GCC_WARN_UNUSED_VARIABLE = YES;
				IPHONEOS_DEPLOYMENT_TARGET = 10.3;
				MTL_ENABLE_DEBUG_INFO = YES;
				ONLY_ACTIVE_ARCH = YES;
				SDKROOT = iphoneos;
				SWIFT_ACTIVE_COMPILATION_CONDITIONS = "${CONFIG_FLAG}";
				SWIFT_OPTIMIZATION_LEVEL = "-Onone";
			};
			name = ReleaseTest;
		};
		525356481EBE16FD00A87E6C /* ReleaseTest */ = {
			isa = XCBuildConfiguration;
			baseConfigurationReference = 525356401EBE167700A87E6C /* ReleaseTestConfig.xcconfig */;
			buildSettings = {
				ASSETCATALOG_COMPILER_APPICON_NAME = AppIcon;
				DEVELOPMENT_TEAM = SXRTDM2GE2;
				INFOPLIST_FILE = XCConfigDemo/Info.plist;
				LD_RUNPATH_SEARCH_PATHS = "$(inherited) @executable_path/Frameworks";
				PRODUCT_BUNDLE_IDENTIFIER = MangoMade.XCConfigDemo;
				PRODUCT_NAME = "$(TARGET_NAME)";
				SWIFT_VERSION = 3.0;
			};
			name = ReleaseTest;
		};
/* End XCBuildConfiguration section */

/* Begin XCConfigurationList section */
		525356231EBE162B00A87E6C /* Build configuration list for PBXProject "XCConfigDemo" */ = {
			isa = XCConfigurationList;
			buildConfigurations = (
				525356381EBE162B00A87E6C /* Debug */,
				525356471EBE16FD00A87E6C /* ReleaseTest */,
				525356391EBE162B00A87E6C /* Release */,
			);
			defaultConfigurationIsVisible = 0;
			defaultConfigurationName = Release;
		};
		5253563A1EBE162B00A87E6C /* Build configuration list for PBXNativeTarget "XCConfigDemo" */ = {
			isa = XCConfigurationList;
			buildConfigurations = (
				5253563B1EBE162B00A87E6C /* Debug */,
				525356481EBE16FD00A87E6C /* ReleaseTest */,
				5253563C1EBE162B00A87E6C /* Release */,
			);
			defaultConfigurationIsVisible = 0;
			defaultConfigurationName = Release;
		};
/* End XCConfigurationList section */
	};
	rootObject = 525356201EBE162B00A87E6C /* Project object */;
}
