// !$*UTF8*$!
{
	archiveVersion = 1;
	classes = {
	};
	objectVersion = 46;
	objects = {

/* Begin PBXBuildFile section */
		4409322B30D671075E043066 /* Pods.framework in Frameworks */ = {isa = PBXBuildFile; fileRef = 71343E240E3C29DC1D72165F /* Pods.framework */; };
		DB8207C11D5DA26900324A53 /* AppDelegate.swift in Sources */ = {isa = PBXBuildFile; fileRef = DB8207C01D5DA26900324A53 /* AppDelegate.swift */; };
		DB8207C31D5DA26900324A53 /* ViewController.swift in Sources */ = {isa = PBXBuildFile; fileRef = DB8207C21D5DA26900324A53 /* ViewController.swift */; };
		DB8207C61D5DA26900324A53 /* Main.storyboard in Resources */ = {isa = PBXBuildFile; fileRef = DB8207C41D5DA26900324A53 /* Main.storyboard */; };
		DB8207C81D5DA26900324A53 /* Assets.xcassets in Resources */ = {isa = PBXBuildFile; fileRef = DB8207C71D5DA26900324A53 /* Assets.xcassets */; };
		DB8207CB1D5DA26900324A53 /* LaunchScreen.storyboard in Resources */ = {isa = PBXBuildFile; fileRef = DB8207C91D5DA26900324A53 /* LaunchScreen.storyboard */; };
		DB8207D61D5DA26A00324A53 /* XCConfigTestTests.swift in Sources */ = {isa = PBXBuildFile; fileRef = DB8207D51D5DA26A00324A53 /* XCConfigTestTests.swift */; };
		DB999D071D5F8F0E00C6585B /* AppConfig.swift in Sources */ = {isa = PBXBuildFile; fileRef = DB999D061D5F8F0E00C6585B /* AppConfig.swift */; };
/* End PBXBuildFile section */

/* Begin PBXContainerItemProxy section */
		DB8207D21D5DA26A00324A53 /* PBXContainerItemProxy */ = {
			isa = PBXContainerItemProxy;
			containerPortal = DB8207B51D5DA26900324A53 /* Project object */;
			proxyType = 1;
			remoteGlobalIDString = DB8207BC1D5DA26900324A53;
			remoteInfo = XCConfigTest;
		};
/* End PBXContainerItemProxy section */

/* Begin PBXFileReference section */
		1D1F30F26DC0FA2FFCBF17B8 /* Pods.release.xcconfig */ = {isa = PBXFileReference; includeInIndex = 1; lastKnownFileType = text.xcconfig; name = Pods.release.xcconfig; path = "Pods/Target Support Files/Pods/Pods.release.xcconfig"; sourceTree = "<group>"; };
		37946BC9713F0D1074642A88 /* Pods.releasetest.xcconfig */ = {isa = PBXFileReference; includeInIndex = 1; lastKnownFileType = text.xcconfig; name = Pods.releasetest.xcconfig; path = "Pods/Target Support Files/Pods/Pods.releasetest.xcconfig"; sourceTree = "<group>"; };
		71343E240E3C29DC1D72165F /* Pods.framework */ = {isa = PBXFileReference; explicitFileType = wrapper.framework; includeInIndex = 0; path = Pods.framework; sourceTree = BUILT_PRODUCTS_DIR; };
		9C3AEF6E70A6017C3FAAD381 /* Pods.debug.xcconfig */ = {isa = PBXFileReference; includeInIndex = 1; lastKnownFileType = text.xcconfig; name = Pods.debug.xcconfig; path = "Pods/Target Support Files/Pods/Pods.debug.xcconfig"; sourceTree = "<group>"; };
		DB8207BD1D5DA26900324A53 /* XCConfigTest.app */ = {isa = PBXFileReference; explicitFileType = wrapper.application; includeInIndex = 0; path = XCConfigTest.app; sourceTree = BUILT_PRODUCTS_DIR; };
		DB8207C01D5DA26900324A53 /* AppDelegate.swift */ = {isa = PBXFileReference; lastKnownFileType = sourcecode.swift; path = AppDelegate.swift; sourceTree = "<group>"; };
		DB8207C21D5DA26900324A53 /* ViewController.swift */ = {isa = PBXFileReference; lastKnownFileType = sourcecode.swift; path = ViewController.swift; sourceTree = "<group>"; };
		DB8207C51D5DA26900324A53 /* Base */ = {isa = PBXFileReference; lastKnownFileType = file.storyboard; name = Base; path = Base.lproj/Main.storyboard; sourceTree = "<group>"; };
		DB8207C71D5DA26900324A53 /* Assets.xcassets */ = {isa = PBXFileReference; lastKnownFileType = folder.assetcatalog; path = Assets.xcassets; sourceTree = "<group>"; };
		DB8207CA1D5DA26900324A53 /* Base */ = {isa = PBXFileReference; lastKnownFileType = file.storyboard; name = Base; path = Base.lproj/LaunchScreen.storyboard; sourceTree = "<group>"; };
		DB8207CC1D5DA26900324A53 /* Info.plist */ = {isa = PBXFileReference; lastKnownFileType = text.plist.xml; path = Info.plist; sourceTree = "<group>"; };
		DB8207D11D5DA26A00324A53 /* XCConfigTestTests.xctest */ = {isa = PBXFileReference; explicitFileType = wrapper.cfbundle; includeInIndex = 0; path = XCConfigTestTests.xctest; sourceTree = BUILT_PRODUCTS_DIR; };
		DB8207D51D5DA26A00324A53 /* XCConfigTestTests.swift */ = {isa = PBXFileReference; lastKnownFileType = sourcecode.swift; path = XCConfigTestTests.swift; sourceTree = "<group>"; };
		DB8207D71D5DA26A00324A53 /* Info.plist */ = {isa = PBXFileReference; lastKnownFileType = text.plist.xml; path = Info.plist; sourceTree = "<group>"; };
		DB8207E01D5DB61F00324A53 /* DebugConfig.xcconfig */ = {isa = PBXFileReference; lastKnownFileType = text.xcconfig; path = DebugConfig.xcconfig; sourceTree = "<group>"; };
		DB8207E11D5DB62F00324A53 /* ReleaseConfig.xcconfig */ = {isa = PBXFileReference; lastKnownFileType = text.xcconfig; path = ReleaseConfig.xcconfig; sourceTree = "<group>"; };
		DB8207E21D5DBA2400324A53 /* CommonConfig.xcconfig */ = {isa = PBXFileReference; lastKnownFileType = text.xcconfig; path = CommonConfig.xcconfig; sourceTree = "<group>"; };
		DB999D061D5F8F0E00C6585B /* AppConfig.swift */ = {isa = PBXFileReference; fileEncoding = 4; lastKnownFileType = sourcecode.swift; path = AppConfig.swift; sourceTree = "<group>"; };
		DBB4390B1D5F00700063A60A /* ReleaseTestConfig.xcconfig */ = {isa = PBXFileReference; lastKnownFileType = text.xcconfig; path = ReleaseTestConfig.xcconfig; sourceTree = "<group>"; };
/* End PBXFileReference section */

/* Begin PBXFrameworksBuildPhase section */
		DB8207BA1D5DA26900324A53 /* Frameworks */ = {
			isa = PBXFrameworksBuildPhase;
			buildActionMask = 2147483647;
			files = (
				4409322B30D671075E043066 /* Pods.framework in Frameworks */,
			);
			runOnlyForDeploymentPostprocessing = 0;
		};
		DB8207CE1D5DA26A00324A53 /* Frameworks */ = {
			isa = PBXFrameworksBuildPhase;
			buildActionMask = 2147483647;
			files = (
			);
			runOnlyForDeploymentPostprocessing = 0;
		};
/* End PBXFrameworksBuildPhase section */

/* Begin PBXGroup section */
		D4715C0CA58F060A4FF25F17 /* Pods */ = {
			isa = PBXGroup;
			children = (
				9C3AEF6E70A6017C3FAAD381 /* Pods.debug.xcconfig */,
				1D1F30F26DC0FA2FFCBF17B8 /* Pods.release.xcconfig */,
				37946BC9713F0D1074642A88 /* Pods.releasetest.xcconfig */,
			);
			name = Pods;
			sourceTree = "<group>";
		};
		DB8207B41D5DA26900324A53 = {
			isa = PBXGroup;
			children = (
				DB8207BF1D5DA26900324A53 /* XCConfigTest */,
				DB8207D41D5DA26A00324A53 /* XCConfigTestTests */,
				DB8207BE1D5DA26900324A53 /* Products */,
				D4715C0CA58F060A4FF25F17 /* Pods */,
				E846594F7F27FB6F594E1297 /* Frameworks */,
			);
			sourceTree = "<group>";
		};
		DB8207BE1D5DA26900324A53 /* Products */ = {
			isa = PBXGroup;
			children = (
				DB8207BD1D5DA26900324A53 /* XCConfigTest.app */,
				DB8207D11D5DA26A00324A53 /* XCConfigTestTests.xctest */,
			);
			name = Products;
			sourceTree = "<group>";
		};
		DB8207BF1D5DA26900324A53 /* XCConfigTest */ = {
			isa = PBXGroup;
			children = (
				DB8207C01D5DA26900324A53 /* AppDelegate.swift */,
				DB8207C21D5DA26900324A53 /* ViewController.swift */,
				DB999D061D5F8F0E00C6585B /* AppConfig.swift */,
				DB8207C41D5DA26900324A53 /* Main.storyboard */,
				DB8207C71D5DA26900324A53 /* Assets.xcassets */,
				DB8207C91D5DA26900324A53 /* LaunchScreen.storyboard */,
				DB8207CC1D5DA26900324A53 /* Info.plist */,
				DB8207E21D5DBA2400324A53 /* CommonConfig.xcconfig */,
				DB8207E01D5DB61F00324A53 /* DebugConfig.xcconfig */,
				DB8207E11D5DB62F00324A53 /* ReleaseConfig.xcconfig */,
				DBB4390B1D5F00700063A60A /* ReleaseTestConfig.xcconfig */,
			);
			path = XCConfigTest;
			sourceTree = "<group>";
		};
		DB8207D41D5DA26A00324A53 /* XCConfigTestTests */ = {
			isa = PBXGroup;
			children = (
				DB8207D51D5DA26A00324A53 /* XCConfigTestTests.swift */,
				DB8207D71D5DA26A00324A53 /* Info.plist */,
			);
			path = XCConfigTestTests;
			sourceTree = "<group>";
		};
		E846594F7F27FB6F594E1297 /* Frameworks */ = {
			isa = PBXGroup;
			children = (
				71343E240E3C29DC1D72165F /* Pods.framework */,
			);
			name = Frameworks;
			sourceTree = "<group>";
		};
/* End PBXGroup section */

/* Begin PBXNativeTarget section */
		DB8207BC1D5DA26900324A53 /* XCConfigTest */ = {
			isa = PBXNativeTarget;
			buildConfigurationList = DB8207DA1D5DA26A00324A53 /* Build configuration list for PBXNativeTarget "XCConfigTest" */;
			buildPhases = (
				2CB6A530DEF846032B5010DE /* Check Pods Manifest.lock */,
				DB8207B91D5DA26900324A53 /* Sources */,
				DB8207BA1D5DA26900324A53 /* Frameworks */,
				DB8207BB1D5DA26900324A53 /* Resources */,
				EE7D93A09899EC248BE2CF93 /* Embed Pods Frameworks */,
				732CC7469E2D45A3FAA26FE6 /* Copy Pods Resources */,
			);
			buildRules = (
			);
			dependencies = (
			);
			name = XCConfigTest;
			productName = XCConfigTest;
			productReference = DB8207BD1D5DA26900324A53 /* XCConfigTest.app */;
			productType = "com.apple.product-type.application";
		};
		DB8207D01D5DA26A00324A53 /* XCConfigTestTests */ = {
			isa = PBXNativeTarget;
			buildConfigurationList = DB8207DD1D5DA26A00324A53 /* Build configuration list for PBXNativeTarget "XCConfigTestTests" */;
			buildPhases = (
				DB8207CD1D5DA26A00324A53 /* Sources */,
				DB8207CE1D5DA26A00324A53 /* Frameworks */,
				DB8207CF1D5DA26A00324A53 /* Resources */,
			);
			buildRules = (
			);
			dependencies = (
				DB8207D31D5DA26A00324A53 /* PBXTargetDependency */,
			);
			name = XCConfigTestTests;
			productName = XCConfigTestTests;
			productReference = DB8207D11D5DA26A00324A53 /* XCConfigTestTests.xctest */;
			productType = "com.apple.product-type.bundle.unit-test";
		};
/* End PBXNativeTarget section */

/* Begin PBXProject section */
		DB8207B51D5DA26900324A53 /* Project object */ = {
			isa = PBXProject;
			attributes = {
				LastSwiftUpdateCheck = 0730;
				LastUpgradeCheck = 0730;
				ORGANIZATIONNAME = Mango;
				TargetAttributes = {
					DB8207BC1D5DA26900324A53 = {
						CreatedOnToolsVersion = 7.3.1;
					};
					DB8207D01D5DA26A00324A53 = {
						CreatedOnToolsVersion = 7.3.1;
						TestTargetID = DB8207BC1D5DA26900324A53;
					};
				};
			};
			buildConfigurationList = DB8207B81D5DA26900324A53 /* Build configuration list for PBXProject "XCConfigTest" */;
			compatibilityVersion = "Xcode 3.2";
			developmentRegion = English;
			hasScannedForEncodings = 0;
			knownRegions = (
				en,
				Base,
			);
			mainGroup = DB8207B41D5DA26900324A53;
			productRefGroup = DB8207BE1D5DA26900324A53 /* Products */;
			projectDirPath = "";
			projectRoot = "";
			targets = (
				DB8207BC1D5DA26900324A53 /* XCConfigTest */,
				DB8207D01D5DA26A00324A53 /* XCConfigTestTests */,
			);
		};
/* End PBXProject section */

/* Begin PBXResourcesBuildPhase section */
		DB8207BB1D5DA26900324A53 /* Resources */ = {
			isa = PBXResourcesBuildPhase;
			buildActionMask = 2147483647;
			files = (
				DB8207CB1D5DA26900324A53 /* LaunchScreen.storyboard in Resources */,
				DB8207C81D5DA26900324A53 /* Assets.xcassets in Resources */,
				DB8207C61D5DA26900324A53 /* Main.storyboard in Resources */,
			);
			runOnlyForDeploymentPostprocessing = 0;
		};
		DB8207CF1D5DA26A00324A53 /* Resources */ = {
			isa = PBXResourcesBuildPhase;
			buildActionMask = 2147483647;
			files = (
			);
			runOnlyForDeploymentPostprocessing = 0;
		};
/* End PBXResourcesBuildPhase section */

/* Begin PBXShellScriptBuildPhase section */
		2CB6A530DEF846032B5010DE /* Check Pods Manifest.lock */ = {
			isa = PBXShellScriptBuildPhase;
			buildActionMask = 2147483647;
			files = (
			);
			inputPaths = (
			);
			name = "Check Pods Manifest.lock";
			outputPaths = (
			);
			runOnlyForDeploymentPostprocessing = 0;
			shellPath = /bin/sh;
			shellScript = "diff \"${PODS_ROOT}/../Podfile.lock\" \"${PODS_ROOT}/Manifest.lock\" > /dev/null\nif [[ $? != 0 ]] ; then\n    cat << EOM\nerror: The sandbox is not in sync with the Podfile.lock. Run 'pod install' or update your CocoaPods installation.\nEOM\n    exit 1\nfi\n";
			showEnvVarsInLog = 0;
		};
		732CC7469E2D45A3FAA26FE6 /* Copy Pods Resources */ = {
			isa = PBXShellScriptBuildPhase;
			buildActionMask = 2147483647;
			files = (
			);
			inputPaths = (
			);
			name = "Copy Pods Resources";
			outputPaths = (
			);
			runOnlyForDeploymentPostprocessing = 0;
			shellPath = /bin/sh;
			shellScript = "\"${SRCROOT}/Pods/Target Support Files/Pods/Pods-resources.sh\"\n";
			showEnvVarsInLog = 0;
		};
		EE7D93A09899EC248BE2CF93 /* Embed Pods Frameworks */ = {
			isa = PBXShellScriptBuildPhase;
			buildActionMask = 2147483647;
			files = (
			);
			inputPaths = (
			);
			name = "Embed Pods Frameworks";
			outputPaths = (
			);
			runOnlyForDeploymentPostprocessing = 0;
			shellPath = /bin/sh;
			shellScript = "\"${SRCROOT}/Pods/Target Support Files/Pods/Pods-frameworks.sh\"\n";
			showEnvVarsInLog = 0;
		};
/* End PBXShellScriptBuildPhase section */

/* Begin PBXSourcesBuildPhase section */
		DB8207B91D5DA26900324A53 /* Sources */ = {
			isa = PBXSourcesBuildPhase;
			buildActionMask = 2147483647;
			files = (
				DB999D071D5F8F0E00C6585B /* AppConfig.swift in Sources */,
				DB8207C31D5DA26900324A53 /* ViewController.swift in Sources */,
				DB8207C11D5DA26900324A53 /* AppDelegate.swift in Sources */,
			);
			runOnlyForDeploymentPostprocessing = 0;
		};
		DB8207CD1D5DA26A00324A53 /* Sources */ = {
			isa = PBXSourcesBuildPhase;
			buildActionMask = 2147483647;
			files = (
				DB8207D61D5DA26A00324A53 /* XCConfigTestTests.swift in Sources */,
			);
			runOnlyForDeploymentPostprocessing = 0;
		};
/* End PBXSourcesBuildPhase section */

/* Begin PBXTargetDependency section */
		DB8207D31D5DA26A00324A53 /* PBXTargetDependency */ = {
			isa = PBXTargetDependency;
			target = DB8207BC1D5DA26900324A53 /* XCConfigTest */;
			targetProxy = DB8207D21D5DA26A00324A53 /* PBXContainerItemProxy */;
		};
/* End PBXTargetDependency section */

/* Begin PBXVariantGroup section */
		DB8207C41D5DA26900324A53 /* Main.storyboard */ = {
			isa = PBXVariantGroup;
			children = (
				DB8207C51D5DA26900324A53 /* Base */,
			);
			name = Main.storyboard;
			sourceTree = "<group>";
		};
		DB8207C91D5DA26900324A53 /* LaunchScreen.storyboard */ = {
			isa = PBXVariantGroup;
			children = (
				DB8207CA1D5DA26900324A53 /* Base */,
			);
			name = LaunchScreen.storyboard;
			sourceTree = "<group>";
		};
/* End PBXVariantGroup section */

/* Begin XCBuildConfiguration section */
		DB8207D81D5DA26A00324A53 /* Debug */ = {
			isa = XCBuildConfiguration;
			buildSettings = {
				ALWAYS_SEARCH_USER_PATHS = NO;
				CLANG_ANALYZER_NONNULL = YES;
				CLANG_CXX_LANGUAGE_STANDARD = "gnu++0x";
				CLANG_CXX_LIBRARY = "libc++";
				CLANG_ENABLE_MODULES = YES;
				CLANG_ENABLE_OBJC_ARC = YES;
				CLANG_WARN_BOOL_CONVERSION = YES;
				CLANG_WARN_CONSTANT_CONVERSION = YES;
				CLANG_WARN_DIRECT_OBJC_ISA_USAGE = YES_ERROR;
				CLANG_WARN_EMPTY_BODY = YES;
				CLANG_WARN_ENUM_CONVERSION = YES;
				CLANG_WARN_INT_CONVERSION = YES;
				CLANG_WARN_OBJC_ROOT_CLASS = YES_ERROR;
				CLANG_WARN_UNREACHABLE_CODE = YES;
				CLANG_WARN__DUPLICATE_METHOD_MATCH = YES;
				"CODE_SIGN_IDENTITY[sdk=iphoneos*]" = "iPhone Developer";
				COPY_PHASE_STRIP = NO;
				DEBUG_INFORMATION_FORMAT = dwarf;
				ENABLE_STRICT_OBJC_MSGSEND = YES;
				ENABLE_TESTABILITY = YES;
				GCC_C_LANGUAGE_STANDARD = gnu99;
				GCC_DYNAMIC_NO_PIC = NO;
				GCC_NO_COMMON_BLOCKS = YES;
				GCC_OPTIMIZATION_LEVEL = 0;
				GCC_PREPROCESSOR_DEFINITIONS = "${CONFIG_FLAG}=1";
				GCC_WARN_64_TO_32_BIT_CONVERSION = YES;
				GCC_WARN_ABOUT_RETURN_TYPE = YES_ERROR;
				GCC_WARN_UNDECLARED_SELECTOR = YES;
				GCC_WARN_UNINITIALIZED_AUTOS = YES_AGGRESSIVE;
				GCC_WARN_UNUSED_FUNCTION = YES;
				GCC_WARN_UNUSED_VARIABLE = YES;
				IPHONEOS_DEPLOYMENT_TARGET = 9.3;
				MTL_ENABLE_DEBUG_INFO = YES;
				ONLY_ACTIVE_ARCH = YES;
				OTHER_SWIFT_FLAGS = "-D ${CONFIG_FLAG}";
				SDKROOT = iphoneos;
				SWIFT_OPTIMIZATION_LEVEL = "-Onone";
				TARGETED_DEVICE_FAMILY = "1,2";
			};
			name = Debug;
		};
		DB8207D91D5DA26A00324A53 /* Release */ = {
			isa = XCBuildConfiguration;
			buildSettings = {
				ALWAYS_SEARCH_USER_PATHS = NO;
				CLANG_ANALYZER_NONNULL = YES;
				CLANG_CXX_LANGUAGE_STANDARD = "gnu++0x";
				CLANG_CXX_LIBRARY = "libc++";
				CLANG_ENABLE_MODULES = YES;
				CLANG_ENABLE_OBJC_ARC = YES;
				CLANG_WARN_BOOL_CONVERSION = YES;
				CLANG_WARN_CONSTANT_CONVERSION = YES;
				CLANG_WARN_DIRECT_OBJC_ISA_USAGE = YES_ERROR;
				CLANG_WARN_EMPTY_BODY = YES;
				CLANG_WARN_ENUM_CONVERSION = YES;
				CLANG_WARN_INT_CONVERSION = YES;
				CLANG_WARN_OBJC_ROOT_CLASS = YES_ERROR;
				CLANG_WARN_UNREACHABLE_CODE = YES;
				CLANG_WARN__DUPLICATE_METHOD_MATCH = YES;
				"CODE_SIGN_IDENTITY[sdk=iphoneos*]" = "iPhone Developer";
				COPY_PHASE_STRIP = NO;
				DEBUG_INFORMATION_FORMAT = "dwarf-with-dsym";
				ENABLE_NS_ASSERTIONS = NO;
				ENABLE_STRICT_OBJC_MSGSEND = YES;
				GCC_C_LANGUAGE_STANDARD = gnu99;
				GCC_NO_COMMON_BLOCKS = YES;
				GCC_PREPROCESSOR_DEFINITIONS = "${CONFIG_FLAG}=1";
				GCC_WARN_64_TO_32_BIT_CONVERSION = YES;
				GCC_WARN_ABOUT_RETURN_TYPE = YES_ERROR;
				GCC_WARN_UNDECLARED_SELECTOR = YES;
				GCC_WARN_UNINITIALIZED_AUTOS = YES_AGGRESSIVE;
				GCC_WARN_UNUSED_FUNCTION = YES;
				GCC_WARN_UNUSED_VARIABLE = YES;
				IPHONEOS_DEPLOYMENT_TARGET = 9.3;
				MTL_ENABLE_DEBUG_INFO = NO;
				OTHER_SWIFT_FLAGS = "-D ${CONFIG_FLAG}";
				SDKROOT = iphoneos;
				TARGETED_DEVICE_FAMILY = "1,2";
				VALIDATE_PRODUCT = YES;
			};
			name = Release;
		};
		DB8207DB1D5DA26A00324A53 /* Debug */ = {
			isa = XCBuildConfiguration;
			baseConfigurationReference = DB8207E01D5DB61F00324A53 /* DebugConfig.xcconfig */;
			buildSettings = {
				ASSETCATALOG_COMPILER_APPICON_NAME = AppIcon;
				INFOPLIST_FILE = XCConfigTest/Info.plist;
				LD_RUNPATH_SEARCH_PATHS = "$(inherited) @executable_path/Frameworks";
				PRODUCT_BUNDLE_IDENTIFIER = com.mango.XCConfigTest;
				PRODUCT_NAME = "$(TARGET_NAME)";
			};
			name = Debug;
		};
		DB8207DC1D5DA26A00324A53 /* Release */ = {
			isa = XCBuildConfiguration;
			baseConfigurationReference = DB8207E11D5DB62F00324A53 /* ReleaseConfig.xcconfig */;
			buildSettings = {
				ASSETCATALOG_COMPILER_APPICON_NAME = AppIcon;
				INFOPLIST_FILE = XCConfigTest/Info.plist;
				LD_RUNPATH_SEARCH_PATHS = "$(inherited) @executable_path/Frameworks";
				PRODUCT_BUNDLE_IDENTIFIER = com.mango.XCConfigTest;
				PRODUCT_NAME = "$(TARGET_NAME)";
			};
			name = Release;
		};
		DB8207DE1D5DA26A00324A53 /* Debug */ = {
			isa = XCBuildConfiguration;
			buildSettings = {
				BUNDLE_LOADER = "$(TEST_HOST)";
				INFOPLIST_FILE = XCConfigTestTests/Info.plist;
				LD_RUNPATH_SEARCH_PATHS = "$(inherited) @executable_path/Frameworks @loader_path/Frameworks";
				PRODUCT_BUNDLE_IDENTIFIER = com.mango.XCConfigTestTests;
				PRODUCT_NAME = "$(TARGET_NAME)";
				TEST_HOST = "$(BUILT_PRODUCTS_DIR)/XCConfigTest.app/XCConfigTest";
			};
			name = Debug;
		};
		DB8207DF1D5DA26A00324A53 /* Release */ = {
			isa = XCBuildConfiguration;
			buildSettings = {
				BUNDLE_LOADER = "$(TEST_HOST)";
				INFOPLIST_FILE = XCConfigTestTests/Info.plist;
				LD_RUNPATH_SEARCH_PATHS = "$(inherited) @executable_path/Frameworks @loader_path/Frameworks";
				PRODUCT_BUNDLE_IDENTIFIER = com.mango.XCConfigTestTests;
				PRODUCT_NAME = "$(TARGET_NAME)";
				TEST_HOST = "$(BUILT_PRODUCTS_DIR)/XCConfigTest.app/XCConfigTest";
			};
			name = Release;
		};
		DB999CC51D5F7C8400C6585B /* ReleaseTest */ = {
			isa = XCBuildConfiguration;
			buildSettings = {
				ALWAYS_SEARCH_USER_PATHS = NO;
				CLANG_ANALYZER_NONNULL = YES;
				CLANG_CXX_LANGUAGE_STANDARD = "gnu++0x";
				CLANG_CXX_LIBRARY = "libc++";
				CLANG_ENABLE_MODULES = YES;
				CLANG_ENABLE_OBJC_ARC = YES;
				CLANG_WARN_BOOL_CONVERSION = YES;
				CLANG_WARN_CONSTANT_CONVERSION = YES;
				CLANG_WARN_DIRECT_OBJC_ISA_USAGE = YES_ERROR;
				CLANG_WARN_EMPTY_BODY = YES;
				CLANG_WARN_ENUM_CONVERSION = YES;
				CLANG_WARN_INT_CONVERSION = YES;
				CLANG_WARN_OBJC_ROOT_CLASS = YES_ERROR;
				CLANG_WARN_UNREACHABLE_CODE = YES;
				CLANG_WARN__DUPLICATE_METHOD_MATCH = YES;
				"CODE_SIGN_IDENTITY[sdk=iphoneos*]" = "iPhone Developer";
				COPY_PHASE_STRIP = NO;
				DEBUG_INFORMATION_FORMAT = dwarf;
				ENABLE_STRICT_OBJC_MSGSEND = YES;
				ENABLE_TESTABILITY = YES;
				GCC_C_LANGUAGE_STANDARD = gnu99;
				GCC_DYNAMIC_NO_PIC = NO;
				GCC_NO_COMMON_BLOCKS = YES;
				GCC_OPTIMIZATION_LEVEL = 0;
				GCC_PREPROCESSOR_DEFINITIONS = "${CONFIG_FLAG}=1";
				GCC_WARN_64_TO_32_BIT_CONVERSION = YES;
				GCC_WARN_ABOUT_RETURN_TYPE = YES_ERROR;
				GCC_WARN_UNDECLARED_SELECTOR = YES;
				GCC_WARN_UNINITIALIZED_AUTOS = YES_AGGRESSIVE;
				GCC_WARN_UNUSED_FUNCTION = YES;
				GCC_WARN_UNUSED_VARIABLE = YES;
				IPHONEOS_DEPLOYMENT_TARGET = 9.3;
				MTL_ENABLE_DEBUG_INFO = YES;
				ONLY_ACTIVE_ARCH = YES;
				OTHER_SWIFT_FLAGS = "-D ${CONFIG_FLAG}";
				SDKROOT = iphoneos;
				SWIFT_OPTIMIZATION_LEVEL = "-Onone";
				TARGETED_DEVICE_FAMILY = "1,2";
			};
			name = ReleaseTest;
		};
		DB999CC61D5F7C8400C6585B /* ReleaseTest */ = {
			isa = XCBuildConfiguration;
			baseConfigurationReference = DBB4390B1D5F00700063A60A /* ReleaseTestConfig.xcconfig */;
			buildSettings = {
				ASSETCATALOG_COMPILER_APPICON_NAME = AppIcon;
				INFOPLIST_FILE = XCConfigTest/Info.plist;
				LD_RUNPATH_SEARCH_PATHS = "$(inherited) @executable_path/Frameworks";
				PRODUCT_BUNDLE_IDENTIFIER = com.mango.XCConfigTest;
				PRODUCT_NAME = "$(TARGET_NAME)";
			};
			name = ReleaseTest;
		};
		DB999CC71D5F7C8400C6585B /* ReleaseTest */ = {
			isa = XCBuildConfiguration;
			buildSettings = {
				BUNDLE_LOADER = "$(TEST_HOST)";
				INFOPLIST_FILE = XCConfigTestTests/Info.plist;
				LD_RUNPATH_SEARCH_PATHS = "$(inherited) @executable_path/Frameworks @loader_path/Frameworks";
				PRODUCT_BUNDLE_IDENTIFIER = com.mango.XCConfigTestTests;
				PRODUCT_NAME = "$(TARGET_NAME)";
				TEST_HOST = "$(BUILT_PRODUCTS_DIR)/XCConfigTest.app/XCConfigTest";
			};
			name = ReleaseTest;
		};
/* End XCBuildConfiguration section */

/* Begin XCConfigurationList section */
		DB8207B81D5DA26900324A53 /* Build configuration list for PBXProject "XCConfigTest" */ = {
			isa = XCConfigurationList;
			buildConfigurations = (
				DB8207D81D5DA26A00324A53 /* Debug */,
				DB999CC51D5F7C8400C6585B /* ReleaseTest */,
				DB8207D91D5DA26A00324A53 /* Release */,
			);
			defaultConfigurationIsVisible = 0;
			defaultConfigurationName = Release;
		};
		DB8207DA1D5DA26A00324A53 /* Build configuration list for PBXNativeTarget "XCConfigTest" */ = {
			isa = XCConfigurationList;
			buildConfigurations = (
				DB8207DB1D5DA26A00324A53 /* Debug */,
				DB999CC61D5F7C8400C6585B /* ReleaseTest */,
				DB8207DC1D5DA26A00324A53 /* Release */,
			);
			defaultConfigurationIsVisible = 0;
			defaultConfigurationName = Release;
		};
		DB8207DD1D5DA26A00324A53 /* Build configuration list for PBXNativeTarget "XCConfigTestTests" */ = {
			isa = XCConfigurationList;
			buildConfigurations = (
				DB8207DE1D5DA26A00324A53 /* Debug */,
				DB999CC71D5F7C8400C6585B /* ReleaseTest */,
				DB8207DF1D5DA26A00324A53 /* Release */,
			);
			defaultConfigurationIsVisible = 0;
			defaultConfigurationName = Release;
		};
/* End XCConfigurationList section */
	};
	rootObject = DB8207B51D5DA26900324A53 /* Project object */;
}
